
Microsoft Visual Studio Solution File, Format Version 11.00
# Visual Studio 2010
Project("{FAE04EC0-301F-11D3-BF4B-00C04F79EFBC}") = "LicenseVerificationLibrary", "LicenseVerificationLibrary\LicenseVerificationLibrary.csproj", "{C95FFDB8-C066-4669-8328-AAEEDBA94C87}"
EndProject
Project("{FAE04EC0-301F-11D3-BF4B-00C04F79EFBC}") = "LicenseVerificationLibrary.Tests", "LicenseVerificationLibrary.Tests\LicenseVerificationLibrary.Tests.csproj", "{7FF06005-7957-453D-A647-5681C211B3DC}"
EndProject
Project("{FAE04EC0-301F-11D3-BF4B-00C04F79EFBC}") = "ExpansionDownloader", "ExpansionDownloader\ExpansionDownloader.csproj", "{C1B3041A-48E8-42A4-95DD-00159872548C}"
EndProject
Project("{FAE04EC0-301F-11D3-BF4B-00C04F79EFBC}") = "ExpansionDownloader.Sample", "ExpansionDownloader.Sample\ExpansionDownloader.Sample.csproj", "{F9E37C74-7963-4A1E-B304-D81F709072D4}"
EndProject
Project("{2150E333-8FDC-42A3-9474-1A3956D46DE8}") = "Other Data", "Other Data", "{92835017-22D7-4218-A171-D068BAC83E66}"
	ProjectSection(SolutionItems) = preProject
		readme.mdown = readme.mdown
	EndProjectSection
EndProject
Global
	GlobalSection(SolutionConfigurationPlatforms) = preSolution
		Debug|Any CPU = Debug|Any CPU
		Release|Any CPU = Release|Any CPU
	EndGlobalSection
	GlobalSection(ProjectConfigurationPlatforms) = postSolution
		{7FF06005-7957-453D-A647-5681C211B3DC}.Debug|Any CPU.ActiveCfg = Debug|Any CPU
		{7FF06005-7957-453D-A647-5681C211B3DC}.Debug|Any CPU.Build.0 = Debug|Any CPU
		{7FF06005-7957-453D-A647-5681C211B3DC}.Release|Any CPU.ActiveCfg = Release|Any CPU
		{7FF06005-7957-453D-A647-5681C211B3DC}.Release|Any CPU.Build.0 = Release|Any CPU
		{C1B3041A-48E8-42A4-95DD-00159872548C}.Debug|Any CPU.ActiveCfg = Debug|Any CPU
		{C1B3041A-48E8-42A4-95DD-00159872548C}.Debug|Any CPU.Build.0 = Debug|Any CPU
		{C1B3041A-48E8-42A4-95DD-00159872548C}.Release|Any CPU.ActiveCfg = Release|Any CPU
		{C1B3041A-48E8-42A4-95DD-00159872548C}.Release|Any CPU.Build.0 = Release|Any CPU
		{C95FFDB8-C066-4669-8328-AAEEDBA94C87}.Debug|Any CPU.ActiveCfg = Debug|Any CPU
		{C95FFDB8-C066-4669-8328-AAEEDBA94C87}.Debug|Any CPU.Build.0 = Debug|Any CPU
		{C95FFDB8-C066-4669-8328-AAEEDBA94C87}.Release|Any CPU.ActiveCfg = Release|Any CPU
		{C95FFDB8-C066-4669-8328-AAEEDBA94C87}.Release|Any CPU.Build.0 = Release|Any CPU
		{F9E37C74-7963-4A1E-B304-D81F709072D4}.Debug|Any CPU.ActiveCfg = Debug|Any CPU
		{F9E37C74-7963-4A1E-B304-D81F709072D4}.Debug|Any CPU.Build.0 = Debug|Any CPU
		{F9E37C74-7963-4A1E-B304-D81F709072D4}.Release|Any CPU.ActiveCfg = Release|Any CPU
		{F9E37C74-7963-4A1E-B304-D81F709072D4}.Release|Any CPU.Build.0 = Release|Any CPU
		{7FF06005-7957-453D-A647-5681C211B3DC}.Debug|Any CPU.Deploy.0 = Debug|Any CPU
		{7FF06005-7957-453D-A647-5681C211B3DC}.Release|Any CPU.Deploy.0 = Release|Any CPU
		{F9E37C74-7963-4A1E-B304-D81F709072D4}.Debug|Any CPU.Deploy.0 = Debug|Any CPU
		{F9E37C74-7963-4A1E-B304-D81F709072D4}.Release|Any CPU.Deploy.0 = Release|Any CPU
	EndGlobalSection
	GlobalSection(NestedProjects) = preSolution
	EndGlobalSection
	GlobalSection(MonoDevelopProperties) = preSolution
		StartupItem = ExpansionDownloader.Sample\ExpansionDownloader.Sample.csproj
	EndGlobalSection
	GlobalSection(SolutionProperties) = preSolution
		HideSolutionNode = FALSE
	EndGlobalSection
EndGlobal
